// !$*UTF8*$!
{
	archiveVersion = 1;
	classes = {
	};
	objectVersion = 46;
	objects = {

/* Begin PBXBuildFile section */
		8B3811A01A71F2730086BC4D /* PhotosViewController.m in Sources */ = {isa = PBXBuildFile; fileRef = 8B38119E1A71F2730086BC4D /* PhotosViewController.m */; };
		8B3811A11A71F2730086BC4D /* PhotosViewController.xib in Resources */ = {isa = PBXBuildFile; fileRef = 8B38119F1A71F2730086BC4D /* PhotosViewController.xib */; };
		8B3811A51A71F5BD0086BC4D /* PhotosTableViewCell.m in Sources */ = {isa = PBXBuildFile; fileRef = 8B3811A31A71F5BD0086BC4D /* PhotosTableViewCell.m */; };
		8B3811A61A71F5BD0086BC4D /* PhotosTableViewCell.xib in Resources */ = {isa = PBXBuildFile; fileRef = 8B3811A41A71F5BD0086BC4D /* PhotosTableViewCell.xib */; };
		8B5863BF1A71F02F00B529CA /* main.m in Sources */ = {isa = PBXBuildFile; fileRef = 8B5863BE1A71F02F00B529CA /* main.m */; };
		8B5863C21A71F02F00B529CA /* AppDelegate.m in Sources */ = {isa = PBXBuildFile; fileRef = 8B5863C11A71F02F00B529CA /* AppDelegate.m */; };
		8B5863CA1A71F02F00B529CA /* Images.xcassets in Resources */ = {isa = PBXBuildFile; fileRef = 8B5863C91A71F02F00B529CA /* Images.xcassets */; };
		8B5863CD1A71F02F00B529CA /* LaunchScreen.xib in Resources */ = {isa = PBXBuildFile; fileRef = 8B5863CB1A71F02F00B529CA /* LaunchScreen.xib */; };
		8B5863D91A71F02F00B529CA /* MyInstagramTests.m in Sources */ = {isa = PBXBuildFile; fileRef = 8B5863D81A71F02F00B529CA /* MyInstagramTests.m */; };
		BA064874ECE67986A8FD4E4B /* libPods.a in Frameworks */ = {isa = PBXBuildFile; fileRef = B176AB4E67A62802EF127A62 /* libPods.a */; };
/* End PBXBuildFile section */

/* Begin PBXContainerItemProxy section */
		8B5863D31A71F02F00B529CA /* PBXContainerItemProxy */ = {
			isa = PBXContainerItemProxy;
			containerPortal = 8B5863B11A71F02F00B529CA /* Project object */;
			proxyType = 1;
			remoteGlobalIDString = 8B5863B81A71F02F00B529CA;
			remoteInfo = MyInstagram;
		};
/* End PBXContainerItemProxy section */

/* Begin PBXFileReference section */
		0C6EE45D3008B5914E0DE560 /* Pods.release.xcconfig */ = {isa = PBXFileReference; includeInIndex = 1; lastKnownFileType = text.xcconfig; name = Pods.release.xcconfig; path = "Pods/Target Support Files/Pods/Pods.release.xcconfig"; sourceTree = "<group>"; };
		8B38119D1A71F2730086BC4D /* PhotosViewController.h */ = {isa = PBXFileReference; fileEncoding = 4; lastKnownFileType = sourcecode.c.h; path = PhotosViewController.h; sourceTree = "<group>"; };
		8B38119E1A71F2730086BC4D /* PhotosViewController.m */ = {isa = PBXFileReference; fileEncoding = 4; lastKnownFileType = sourcecode.c.objc; path = PhotosViewController.m; sourceTree = "<group>"; };
		8B38119F1A71F2730086BC4D /* PhotosViewController.xib */ = {isa = PBXFileReference; fileEncoding = 4; lastKnownFileType = file.xib; path = PhotosViewController.xib; sourceTree = "<group>"; };
		8B3811A21A71F5BD0086BC4D /* PhotosTableViewCell.h */ = {isa = PBXFileReference; fileEncoding = 4; lastKnownFileType = sourcecode.c.h; path = PhotosTableViewCell.h; sourceTree = "<group>"; };
		8B3811A31A71F5BD0086BC4D /* PhotosTableViewCell.m */ = {isa = PBXFileReference; fileEncoding = 4; lastKnownFileType = sourcecode.c.objc; path = PhotosTableViewCell.m; sourceTree = "<group>"; };
		8B3811A41A71F5BD0086BC4D /* PhotosTableViewCell.xib */ = {isa = PBXFileReference; fileEncoding = 4; lastKnownFileType = file.xib; path = PhotosTableViewCell.xib; sourceTree = "<group>"; };
		8B5863B91A71F02F00B529CA /* MyInstagram.app */ = {isa = PBXFileReference; explicitFileType = wrapper.application; includeInIndex = 0; path = MyInstagram.app; sourceTree = BUILT_PRODUCTS_DIR; };
		8B5863BD1A71F02F00B529CA /* Info.plist */ = {isa = PBXFileReference; lastKnownFileType = text.plist.xml; path = Info.plist; sourceTree = "<group>"; };
		8B5863BE1A71F02F00B529CA /* main.m */ = {isa = PBXFileReference; lastKnownFileType = sourcecode.c.objc; path = main.m; sourceTree = "<group>"; };
		8B5863C01A71F02F00B529CA /* AppDelegate.h */ = {isa = PBXFileReference; lastKnownFileType = sourcecode.c.h; path = AppDelegate.h; sourceTree = "<group>"; };
		8B5863C11A71F02F00B529CA /* AppDelegate.m */ = {isa = PBXFileReference; lastKnownFileType = sourcecode.c.objc; path = AppDelegate.m; sourceTree = "<group>"; };
		8B5863C91A71F02F00B529CA /* Images.xcassets */ = {isa = PBXFileReference; lastKnownFileType = folder.assetcatalog; path = Images.xcassets; sourceTree = "<group>"; };
		8B5863CC1A71F02F00B529CA /* Base */ = {isa = PBXFileReference; lastKnownFileType = file.xib; name = Base; path = Base.lproj/LaunchScreen.xib; sourceTree = "<group>"; };
		8B5863D21A71F02F00B529CA /* MyInstagramTests.xctest */ = {isa = PBXFileReference; explicitFileType = wrapper.cfbundle; includeInIndex = 0; path = MyInstagramTests.xctest; sourceTree = BUILT_PRODUCTS_DIR; };
		8B5863D71A71F02F00B529CA /* Info.plist */ = {isa = PBXFileReference; lastKnownFileType = text.plist.xml; path = Info.plist; sourceTree = "<group>"; };
		8B5863D81A71F02F00B529CA /* MyInstagramTests.m */ = {isa = PBXFileReference; lastKnownFileType = sourcecode.c.objc; path = MyInstagramTests.m; sourceTree = "<group>"; };
		B176AB4E67A62802EF127A62 /* libPods.a */ = {isa = PBXFileReference; explicitFileType = archive.ar; includeInIndex = 0; path = libPods.a; sourceTree = BUILT_PRODUCTS_DIR; };
		DAC95C4FF4C8EDCE0C4A7075 /* Pods.debug.xcconfig */ = {isa = PBXFileReference; includeInIndex = 1; lastKnownFileType = text.xcconfig; name = Pods.debug.xcconfig; path = "Pods/Target Support Files/Pods/Pods.debug.xcconfig"; sourceTree = "<group>"; };
/* End PBXFileReference section */

/* Begin PBXFrameworksBuildPhase section */
		8B5863B61A71F02F00B529CA /* Frameworks */ = {
			isa = PBXFrameworksBuildPhase;
			buildActionMask = 2147483647;
			files = (
				BA064874ECE67986A8FD4E4B /* libPods.a in Frameworks */,
			);
			runOnlyForDeploymentPostprocessing = 0;
		};
		8B5863CF1A71F02F00B529CA /* Frameworks */ = {
			isa = PBXFrameworksBuildPhase;
			buildActionMask = 2147483647;
			files = (
			);
			runOnlyForDeploymentPostprocessing = 0;
		};
/* End PBXFrameworksBuildPhase section */

/* Begin PBXGroup section */
		8B5863B01A71F02F00B529CA = {
			isa = PBXGroup;
			children = (
				8B5863BB1A71F02F00B529CA /* MyInstagram */,
				8B5863D51A71F02F00B529CA /* MyInstagramTests */,
				8B5863BA1A71F02F00B529CA /* Products */,
				ADE5C2FCA4A0D3A1AEA66124 /* Pods */,
				B252053C25642C7F3289358E /* Frameworks */,
			);
			sourceTree = "<group>";
		};
		8B5863BA1A71F02F00B529CA /* Products */ = {
			isa = PBXGroup;
			children = (
				8B5863B91A71F02F00B529CA /* MyInstagram.app */,
				8B5863D21A71F02F00B529CA /* MyInstagramTests.xctest */,
			);
			name = Products;
			sourceTree = "<group>";
		};
		8B5863BB1A71F02F00B529CA /* MyInstagram */ = {
			isa = PBXGroup;
			children = (
				8B5863C01A71F02F00B529CA /* AppDelegate.h */,
				8B5863C11A71F02F00B529CA /* AppDelegate.m */,
				8B5863C91A71F02F00B529CA /* Images.xcassets */,
				8B5863CB1A71F02F00B529CA /* LaunchScreen.xib */,
				8B5863BC1A71F02F00B529CA /* Supporting Files */,
				8B38119D1A71F2730086BC4D /* PhotosViewController.h */,
				8B38119E1A71F2730086BC4D /* PhotosViewController.m */,
				8B38119F1A71F2730086BC4D /* PhotosViewController.xib */,
				8B3811A21A71F5BD0086BC4D /* PhotosTableViewCell.h */,
				8B3811A31A71F5BD0086BC4D /* PhotosTableViewCell.m */,
				8B3811A41A71F5BD0086BC4D /* PhotosTableViewCell.xib */,
			);
			path = MyInstagram;
			sourceTree = "<group>";
		};
		8B5863BC1A71F02F00B529CA /* Supporting Files */ = {
			isa = PBXGroup;
			children = (
				8B5863BD1A71F02F00B529CA /* Info.plist */,
				8B5863BE1A71F02F00B529CA /* main.m */,
			);
			name = "Supporting Files";
			sourceTree = "<group>";
		};
		8B5863D51A71F02F00B529CA /* MyInstagramTests */ = {
			isa = PBXGroup;
			children = (
				8B5863D81A71F02F00B529CA /* MyInstagramTests.m */,
				8B5863D61A71F02F00B529CA /* Supporting Files */,
			);
			path = MyInstagramTests;
			sourceTree = "<group>";
		};
		8B5863D61A71F02F00B529CA /* Supporting Files */ = {
			isa = PBXGroup;
			children = (
				8B5863D71A71F02F00B529CA /* Info.plist */,
			);
			name = "Supporting Files";
			sourceTree = "<group>";
		};
		ADE5C2FCA4A0D3A1AEA66124 /* Pods */ = {
			isa = PBXGroup;
			children = (
				DAC95C4FF4C8EDCE0C4A7075 /* Pods.debug.xcconfig */,
				0C6EE45D3008B5914E0DE560 /* Pods.release.xcconfig */,
			);
			name = Pods;
			sourceTree = "<group>";
		};
		B252053C25642C7F3289358E /* Frameworks */ = {
			isa = PBXGroup;
			children = (
				B176AB4E67A62802EF127A62 /* libPods.a */,
			);
			name = Frameworks;
			sourceTree = "<group>";
		};
/* End PBXGroup section */

/* Begin PBXNativeTarget section */
		8B5863B81A71F02F00B529CA /* MyInstagram */ = {
			isa = PBXNativeTarget;
			buildConfigurationList = 8B5863DC1A71F02F00B529CA /* Build configuration list for PBXNativeTarget "MyInstagram" */;
			buildPhases = (
				8ABA91A11B6FC2949D854472 /* Check Pods Manifest.lock */,
				8B5863B51A71F02F00B529CA /* Sources */,
				8B5863B61A71F02F00B529CA /* Frameworks */,
				8B5863B71A71F02F00B529CA /* Resources */,
				5A04E96D79C131D977D72BBB /* Copy Pods Resources */,
			);
			buildRules = (
			);
			dependencies = (
			);
			name = MyInstagram;
			productName = MyInstagram;
			productReference = 8B5863B91A71F02F00B529CA /* MyInstagram.app */;
			productType = "com.apple.product-type.application";
		};
		8B5863D11A71F02F00B529CA /* MyInstagramTests */ = {
			isa = PBXNativeTarget;
			buildConfigurationList = 8B5863DF1A71F02F00B529CA /* Build configuration list for PBXNativeTarget "MyInstagramTests" */;
			buildPhases = (
				8B5863CE1A71F02F00B529CA /* Sources */,
				8B5863CF1A71F02F00B529CA /* Frameworks */,
				8B5863D01A71F02F00B529CA /* Resources */,
			);
			buildRules = (
			);
			dependencies = (
				8B5863D41A71F02F00B529CA /* PBXTargetDependency */,
			);
			name = MyInstagramTests;
			productName = MyInstagramTests;
			productReference = 8B5863D21A71F02F00B529CA /* MyInstagramTests.xctest */;
			productType = "com.apple.product-type.bundle.unit-test";
		};
/* End PBXNativeTarget section */

/* Begin PBXProject section */
		8B5863B11A71F02F00B529CA /* Project object */ = {
			isa = PBXProject;
			attributes = {
				LastUpgradeCheck = 0610;
				ORGANIZATIONNAME = "Yahoo!";
				TargetAttributes = {
					8B5863B81A71F02F00B529CA = {
						CreatedOnToolsVersion = 6.1.1;
					};
					8B5863D11A71F02F00B529CA = {
						CreatedOnToolsVersion = 6.1.1;
						TestTargetID = 8B5863B81A71F02F00B529CA;
					};
				};
			};
			buildConfigurationList = 8B5863B41A71F02F00B529CA /* Build configuration list for PBXProject "MyInstagram" */;
			compatibilityVersion = "Xcode 3.2";
			developmentRegion = English;
			hasScannedForEncodings = 0;
			knownRegions = (
				en,
				Base,
			);
			mainGroup = 8B5863B01A71F02F00B529CA;
			productRefGroup = 8B5863BA1A71F02F00B529CA /* Products */;
			projectDirPath = "";
			projectRoot = "";
			targets = (
				8B5863B81A71F02F00B529CA /* MyInstagram */,
				8B5863D11A71F02F00B529CA /* MyInstagramTests */,
			);
		};
/* End PBXProject section */

/* Begin PBXResourcesBuildPhase section */
		8B5863B71A71F02F00B529CA /* Resources */ = {
			isa = PBXResourcesBuildPhase;
			buildActionMask = 2147483647;
			files = (
				8B3811A61A71F5BD0086BC4D /* PhotosTableViewCell.xib in Resources */,
				8B3811A11A71F2730086BC4D /* PhotosViewController.xib in Resources */,
				8B5863CD1A71F02F00B529CA /* LaunchScreen.xib in Resources */,
				8B5863CA1A71F02F00B529CA /* Images.xcassets in Resources */,
			);
			runOnlyForDeploymentPostprocessing = 0;
		};
		8B5863D01A71F02F00B529CA /* Resources */ = {
			isa = PBXResourcesBuildPhase;
			buildActionMask = 2147483647;
			files = (
			);
			runOnlyForDeploymentPostprocessing = 0;
		};
/* End PBXResourcesBuildPhase section */

/* Begin PBXShellScriptBuildPhase section */
		5A04E96D79C131D977D72BBB /* Copy Pods Resources */ = {
			isa = PBXShellScriptBuildPhase;
			buildActionMask = 2147483647;
			files = (
			);
			inputPaths = (
			);
			name = "Copy Pods Resources";
			outputPaths = (
			);
			runOnlyForDeploymentPostprocessing = 0;
			shellPath = /bin/sh;
			shellScript = "\"${SRCROOT}/Pods/Target Support Files/Pods/Pods-resources.sh\"\n";
			showEnvVarsInLog = 0;
		};
		8ABA91A11B6FC2949D854472 /* Check Pods Manifest.lock */ = {
			isa = PBXShellScriptBuildPhase;
			buildActionMask = 2147483647;
			files = (
			);
			inputPaths = (
			);
			name = "Check Pods Manifest.lock";
			outputPaths = (
			);
			runOnlyForDeploymentPostprocessing = 0;
			shellPath = /bin/sh;
			shellScript = "diff \"${PODS_ROOT}/../Podfile.lock\" \"${PODS_ROOT}/Manifest.lock\" > /dev/null\nif [[ $? != 0 ]] ; then\n    cat << EOM\nerror: The sandbox is not in sync with the Podfile.lock. Run 'pod install' or update your CocoaPods installation.\nEOM\n    exit 1\nfi\n";
			showEnvVarsInLog = 0;
		};
/* End PBXShellScriptBuildPhase section */

/* Begin PBXSourcesBuildPhase section */
		8B5863B51A71F02F00B529CA /* Sources */ = {
			isa = PBXSourcesBuildPhase;
			buildActionMask = 2147483647;
			files = (
				8B3811A51A71F5BD0086BC4D /* PhotosTableViewCell.m in Sources */,
				8B5863C21A71F02F00B529CA /* AppDelegate.m in Sources */,
				8B3811A01A71F2730086BC4D /* PhotosViewController.m in Sources */,
				8B5863BF1A71F02F00B529CA /* main.m in Sources */,
			);
			runOnlyForDeploymentPostprocessing = 0;
		};
		8B5863CE1A71F02F00B529CA /* Sources */ = {
			isa = PBXSourcesBuildPhase;
			buildActionMask = 2147483647;
			files = (
				8B5863D91A71F02F00B529CA /* MyInstagramTests.m in Sources */,
			);
			runOnlyForDeploymentPostprocessing = 0;
		};
/* End PBXSourcesBuildPhase section */

/* Begin PBXTargetDependency section */
		8B5863D41A71F02F00B529CA /* PBXTargetDependency */ = {
			isa = PBXTargetDependency;
			target = 8B5863B81A71F02F00B529CA /* MyInstagram */;
			targetProxy = 8B5863D31A71F02F00B529CA /* PBXContainerItemProxy */;
		};
/* End PBXTargetDependency section */

/* Begin PBXVariantGroup section */
		8B5863CB1A71F02F00B529CA /* LaunchScreen.xib */ = {
			isa = PBXVariantGroup;
			children = (
				8B5863CC1A71F02F00B529CA /* Base */,
			);
			name = LaunchScreen.xib;
			sourceTree = "<group>";
		};
/* End PBXVariantGroup section */

/* Begin XCBuildConfiguration section */
		8B5863DA1A71F02F00B529CA /* Debug */ = {
			isa = XCBuildConfiguration;
			buildSettings = {
				ALWAYS_SEARCH_USER_PATHS = NO;
				CLANG_CXX_LANGUAGE_STANDARD = "gnu++0x";
				CLANG_CXX_LIBRARY = "libc++";
				CLANG_ENABLE_MODULES = YES;
				CLANG_ENABLE_OBJC_ARC = YES;
				CLANG_WARN_BOOL_CONVERSION = YES;
				CLANG_WARN_CONSTANT_CONVERSION = YES;
				CLANG_WARN_DIRECT_OBJC_ISA_USAGE = YES_ERROR;
				CLANG_WARN_EMPTY_BODY = YES;
				CLANG_WARN_ENUM_CONVERSION = YES;
				CLANG_WARN_INT_CONVERSION = YES;
				CLANG_WARN_OBJC_ROOT_CLASS = YES_ERROR;
				CLANG_WARN_UNREACHABLE_CODE = YES;
				CLANG_WARN__DUPLICATE_METHOD_MATCH = YES;
				"CODE_SIGN_IDENTITY[sdk=iphoneos*]" = "iPhone Developer";
				COPY_PHASE_STRIP = NO;
				ENABLE_STRICT_OBJC_MSGSEND = YES;
				GCC_C_LANGUAGE_STANDARD = gnu99;
				GCC_DYNAMIC_NO_PIC = NO;
				GCC_OPTIMIZATION_LEVEL = 0;
				GCC_PREPROCESSOR_DEFINITIONS = (
					"DEBUG=1",
					"$(inherited)",
				);
				GCC_SYMBOLS_PRIVATE_EXTERN = NO;
				GCC_WARN_64_TO_32_BIT_CONVERSION = YES;
				GCC_WARN_ABOUT_RETURN_TYPE = YES_ERROR;
				GCC_WARN_UNDECLARED_SELECTOR = YES;
				GCC_WARN_UNINITIALIZED_AUTOS = YES_AGGRESSIVE;
				GCC_WARN_UNUSED_FUNCTION = YES;
				GCC_WARN_UNUSED_VARIABLE = YES;
				IPHONEOS_DEPLOYMENT_TARGET = 8.1;
				MTL_ENABLE_DEBUG_INFO = YES;
				ONLY_ACTIVE_ARCH = YES;
				SDKROOT = iphoneos;
			};
			name = Debug;
		};
		8B5863DB1A71F02F00B529CA /* Release */ = {
			isa = XCBuildConfiguration;
			buildSettings = {
				ALWAYS_SEARCH_USER_PATHS = NO;
				CLANG_CXX_LANGUAGE_STANDARD = "gnu++0x";
				CLANG_CXX_LIBRARY = "libc++";
				CLANG_ENABLE_MODULES = YES;
				CLANG_ENABLE_OBJC_ARC = YES;
				CLANG_WARN_BOOL_CONVERSION = YES;
				CLANG_WARN_CONSTANT_CONVERSION = YES;
				CLANG_WARN_DIRECT_OBJC_ISA_USAGE = YES_ERROR;
				CLANG_WARN_EMPTY_BODY = YES;
				CLANG_WARN_ENUM_CONVERSION = YES;
				CLANG_WARN_INT_CONVERSION = YES;
				CLANG_WARN_OBJC_ROOT_CLASS = YES_ERROR;
				CLANG_WARN_UNREACHABLE_CODE = YES;
				CLANG_WARN__DUPLICATE_METHOD_MATCH = YES;
				"CODE_SIGN_IDENTITY[sdk=iphoneos*]" = "iPhone Developer";
				COPY_PHASE_STRIP = YES;
				ENABLE_NS_ASSERTIONS = NO;
				ENABLE_STRICT_OBJC_MSGSEND = YES;
				GCC_C_LANGUAGE_STANDARD = gnu99;
				GCC_WARN_64_TO_32_BIT_CONVERSION = YES;
				GCC_WARN_ABOUT_RETURN_TYPE = YES_ERROR;
				GCC_WARN_UNDECLARED_SELECTOR = YES;
				GCC_WARN_UNINITIALIZED_AUTOS = YES_AGGRESSIVE;
				GCC_WARN_UNUSED_FUNCTION = YES;
				GCC_WARN_UNUSED_VARIABLE = YES;
				IPHONEOS_DEPLOYMENT_TARGET = 8.1;
				MTL_ENABLE_DEBUG_INFO = NO;
				SDKROOT = iphoneos;
				VALIDATE_PRODUCT = YES;
			};
			name = Release;
		};
		8B5863DD1A71F02F00B529CA /* Debug */ = {
			isa = XCBuildConfiguration;
			baseConfigurationReference = DAC95C4FF4C8EDCE0C4A7075 /* Pods.debug.xcconfig */;
			buildSettings = {
				ASSETCATALOG_COMPILER_APPICON_NAME = AppIcon;
				INFOPLIST_FILE = MyInstagram/Info.plist;
				LD_RUNPATH_SEARCH_PATHS = "$(inherited) @executable_path/Frameworks";
				PRODUCT_NAME = "$(TARGET_NAME)";
				USER_HEADER_SEARCH_PATHS = "\"${PROJECT_DIR}/Pods\"/**";
			};
			name = Debug;
		};
		8B5863DE1A71F02F00B529CA /* Release */ = {
			isa = XCBuildConfiguration;
			baseConfigurationReference = 0C6EE45D3008B5914E0DE560 /* Pods.release.xcconfig */;
			buildSettings = {
				ASSETCATALOG_COMPILER_APPICON_NAME = AppIcon;
				INFOPLIST_FILE = MyInstagram/Info.plist;
				LD_RUNPATH_SEARCH_PATHS = "$(inherited) @executable_path/Frameworks";
				PRODUCT_NAME = "$(TARGET_NAME)";
				USER_HEADER_SEARCH_PATHS = "\"${PROJECT_DIR}/Pods\"/**";
			};
			name = Release;
		};
		8B5863E01A71F02F00B529CA /* Debug */ = {
			isa = XCBuildConfiguration;
			buildSettings = {
				BUNDLE_LOADER = "$(TEST_HOST)";
				FRAMEWORK_SEARCH_PATHS = (
					"$(SDKROOT)/Developer/Library/Frameworks",
					"$(inherited)",
				);
				GCC_PREPROCESSOR_DEFINITIONS = (
					"DEBUG=1",
					"$(inherited)",
				);
				INFOPLIST_FILE = MyInstagramTests/Info.plist;
				LD_RUNPATH_SEARCH_PATHS = "$(inherited) @executable_path/Frameworks @loader_path/Frameworks";
				PRODUCT_NAME = "$(TARGET_NAME)";
				TEST_HOST = "$(BUILT_PRODUCTS_DIR)/MyInstagram.app/MyInstagram";
			};
			name = Debug;
		};
		8B5863E11A71F02F00B529CA /* Release */ = {
			isa = XCBuildConfiguration;
			buildSettings = {
				BUNDLE_LOADER = "$(TEST_HOST)";
				FRAMEWORK_SEARCH_PATHS = (
					"$(SDKROOT)/Developer/Library/Frameworks",
					"$(inherited)",
				);
				INFOPLIST_FILE = MyInstagramTests/Info.plist;
				LD_RUNPATH_SEARCH_PATHS = "$(inherited) @executable_path/Frameworks @loader_path/Frameworks";
				PRODUCT_NAME = "$(TARGET_NAME)";
				TEST_HOST = "$(BUILT_PRODUCTS_DIR)/MyInstagram.app/MyInstagram";
			};
			name = Release;
		};
/* End XCBuildConfiguration section */

/* Begin XCConfigurationList section */
		8B5863B41A71F02F00B529CA /* Build configuration list for PBXProject "MyInstagram" */ = {
			isa = XCConfigurationList;
			buildConfigurations = (
				8B5863DA1A71F02F00B529CA /* Debug */,
				8B5863DB1A71F02F00B529CA /* Release */,
			);
			defaultConfigurationIsVisible = 0;
			defaultConfigurationName = Release;
		};
		8B5863DC1A71F02F00B529CA /* Build configuration list for PBXNativeTarget "MyInstagram" */ = {
			isa = XCConfigurationList;
			buildConfigurations = (
				8B5863DD1A71F02F00B529CA /* Debug */,
				8B5863DE1A71F02F00B529CA /* Release */,
			);
			defaultConfigurationIsVisible = 0;
			defaultConfigurationName = Release;
		};
		8B5863DF1A71F02F00B529CA /* Build configuration list for PBXNativeTarget "MyInstagramTests" */ = {
			isa = XCConfigurationList;
			buildConfigurations = (
				8B5863E01A71F02F00B529CA /* Debug */,
				8B5863E11A71F02F00B529CA /* Release */,
			);
			defaultConfigurationIsVisible = 0;
			defaultConfigurationName = Release;
		};
/* End XCConfigurationList section */
	};
	rootObject = 8B5863B11A71F02F00B529CA /* Project object */;
}
